
Microsoft Visual Studio Solution File, Format Version 12.00
# Visual Studio Version 16
VisualStudioVersion = 16.0.31205.134
MinimumVisualStudioVersion = 10.0.40219.1
Project("{FAE04EC0-301F-11D3-BF4B-00C04F79EFBC}") = "DashUI", "DashUI\DashUI.csproj", "{81569634-B48F-4F9A-B059-4ED3F7C6751D}"
EndProject
Project("{2150E333-8FDC-42A3-9474-1A3956D46DE8}") = "UI", "UI", "{42385830-5B91-495C-8227-0AC75A7FEC2F}"
EndProject
Project("{2150E333-8FDC-42A3-9474-1A3956D46DE8}") = "DAL", "DAL", "{F8F09CDF-06F2-413D-A7B2-FE7DF61C558F}"
EndProject
Project("{2150E333-8FDC-42A3-9474-1A3956D46DE8}") = "BLL", "BLL", "{3E4E1EA9-65E0-4C08-B33E-12A807E81642}"
EndProject
Project("{2150E333-8FDC-42A3-9474-1A3956D46DE8}") = "Utilidades", "Utilidades", "{9DBE5EB1-1D6B-4D22-81EC-D0CD898C4D6E}"
EndProject
Project("{9A19103F-16F7-4668-BE54-9A1E7A4F7556}") = "ComercialVO", "ComercialVO\ComercialVO.csproj", "{3133CCCE-CE5F-4375-8DC6-4BDD72266798}"
EndProject
Project("{9A19103F-16F7-4668-BE54-9A1E7A4F7556}") = "VentasVO", "VentasVO\VentasVO.csproj", "{5BEB5E56-F8C9-4C78-82C0-3A3F4FB4CF29}"
EndProject
Project("{9A19103F-16F7-4668-BE54-9A1E7A4F7556}") = "GestorBLL", "GestorBLL\GestorBLL.csproj", "{388877AD-3720-429C-A8CB-A0ABC5F9F6A5}"
EndProject
Project("{9A19103F-16F7-4668-BE54-9A1E7A4F7556}") = "GestorDAL", "GestorDAL\GestorDAL.csproj", "{EC390416-A425-4FDB-B9BD-AF370C7FE361}"
EndProject
Project("{9A19103F-16F7-4668-BE54-9A1E7A4F7556}") = "EmpleadoVO", "EmpleadoVO\EmpleadoVO.csproj", "{A7C69F4C-213E-49B5-AD0C-32FC93B4DE98}"
EndProject
Project("{54435603-DBB4-11D2-8724-00A0C9A8B90C}") = "DashBoardSetup", "DashBoardSetup\DashBoardSetup.vdproj", "{820AEFF6-D337-4B99-BE60-F6085242EC01}"
EndProject
Global
	GlobalSection(SolutionConfigurationPlatforms) = preSolution
		Debug|Any CPU = Debug|Any CPU
		Debug|ARM = Debug|ARM
		Debug|ARM64 = Debug|ARM64
		Debug|x64 = Debug|x64
		Debug|x86 = Debug|x86
		Release|Any CPU = Release|Any CPU
		Release|ARM = Release|ARM
		Release|ARM64 = Release|ARM64
		Release|x64 = Release|x64
		Release|x86 = Release|x86
	EndGlobalSection
	GlobalSection(ProjectConfigurationPlatforms) = postSolution
		{81569634-B48F-4F9A-B059-4ED3F7C6751D}.Debug|Any CPU.ActiveCfg = Release|Any CPU
		{81569634-B48F-4F9A-B059-4ED3F7C6751D}.Debug|Any CPU.Build.0 = Release|Any CPU
		{81569634-B48F-4F9A-B059-4ED3F7C6751D}.Debug|ARM.ActiveCfg = Debug|Any CPU
		{81569634-B48F-4F9A-B059-4ED3F7C6751D}.Debug|ARM.Build.0 = Debug|Any CPU
		{81569634-B48F-4F9A-B059-4ED3F7C6751D}.Debug|ARM64.ActiveCfg = Debug|Any CPU
		{81569634-B48F-4F9A-B059-4ED3F7C6751D}.Debug|ARM64.Build.0 = Debug|Any CPU
		{81569634-B48F-4F9A-B059-4ED3F7C6751D}.Debug|x64.ActiveCfg = Debug|Any CPU
		{81569634-B48F-4F9A-B059-4ED3F7C6751D}.Debug|x64.Build.0 = Debug|Any CPU
		{81569634-B48F-4F9A-B059-4ED3F7C6751D}.Debug|x86.ActiveCfg = Debug|Any CPU
		{81569634-B48F-4F9A-B059-4ED3F7C6751D}.Debug|x86.Build.0 = Debug|Any CPU
		{81569634-B48F-4F9A-B059-4ED3F7C6751D}.Release|Any CPU.ActiveCfg = Release|Any CPU
		{81569634-B48F-4F9A-B059-4ED3F7C6751D}.Release|Any CPU.Build.0 = Release|Any CPU
		{81569634-B48F-4F9A-B059-4ED3F7C6751D}.Release|ARM.ActiveCfg = Release|Any CPU
		{81569634-B48F-4F9A-B059-4ED3F7C6751D}.Release|ARM.Build.0 = Release|Any CPU
		{81569634-B48F-4F9A-B059-4ED3F7C6751D}.Release|ARM64.ActiveCfg = Release|Any CPU
		{81569634-B48F-4F9A-B059-4ED3F7C6751D}.Release|ARM64.Build.0 = Release|Any CPU
		{81569634-B48F-4F9A-B059-4ED3F7C6751D}.Release|x64.ActiveCfg = Release|Any CPU
		{81569634-B48F-4F9A-B059-4ED3F7C6751D}.Release|x64.Build.0 = Release|Any CPU
		{81569634-B48F-4F9A-B059-4ED3F7C6751D}.Release|x86.ActiveCfg = Release|Any CPU
		{81569634-B48F-4F9A-B059-4ED3F7C6751D}.Release|x86.Build.0 = Release|Any CPU
		{3133CCCE-CE5F-4375-8DC6-4BDD72266798}.Debug|Any CPU.ActiveCfg = Release|Any CPU
		{3133CCCE-CE5F-4375-8DC6-4BDD72266798}.Debug|Any CPU.Build.0 = Release|Any CPU
		{3133CCCE-CE5F-4375-8DC6-4BDD72266798}.Debug|ARM.ActiveCfg = Debug|Any CPU
		{3133CCCE-CE5F-4375-8DC6-4BDD72266798}.Debug|ARM.Build.0 = Debug|Any CPU
		{3133CCCE-CE5F-4375-8DC6-4BDD72266798}.Debug|ARM64.ActiveCfg = Debug|Any CPU
		{3133CCCE-CE5F-4375-8DC6-4BDD72266798}.Debug|ARM64.Build.0 = Debug|Any CPU
		{3133CCCE-CE5F-4375-8DC6-4BDD72266798}.Debug|x64.ActiveCfg = Debug|Any CPU
		{3133CCCE-CE5F-4375-8DC6-4BDD72266798}.Debug|x64.Build.0 = Debug|Any CPU
		{3133CCCE-CE5F-4375-8DC6-4BDD72266798}.Debug|x86.ActiveCfg = Debug|Any CPU
		{3133CCCE-CE5F-4375-8DC6-4BDD72266798}.Debug|x86.Build.0 = Debug|Any CPU
		{3133CCCE-CE5F-4375-8DC6-4BDD72266798}.Release|Any CPU.ActiveCfg = Release|Any CPU
		{3133CCCE-CE5F-4375-8DC6-4BDD72266798}.Release|Any CPU.Build.0 = Release|Any CPU
		{3133CCCE-CE5F-4375-8DC6-4BDD72266798}.Release|ARM.ActiveCfg = Release|Any CPU
		{3133CCCE-CE5F-4375-8DC6-4BDD72266798}.Release|ARM.Build.0 = Release|Any CPU
		{3133CCCE-CE5F-4375-8DC6-4BDD72266798}.Release|ARM64.ActiveCfg = Release|Any CPU
		{3133CCCE-CE5F-4375-8DC6-4BDD72266798}.Release|ARM64.Build.0 = Release|Any CPU
		{3133CCCE-CE5F-4375-8DC6-4BDD72266798}.Release|x64.ActiveCfg = Release|Any CPU
		{3133CCCE-CE5F-4375-8DC6-4BDD72266798}.Release|x64.Build.0 = Release|Any CPU
		{3133CCCE-CE5F-4375-8DC6-4BDD72266798}.Release|x86.ActiveCfg = Release|Any CPU
		{3133CCCE-CE5F-4375-8DC6-4BDD72266798}.Release|x86.Build.0 = Release|Any CPU
		{5BEB5E56-F8C9-4C78-82C0-3A3F4FB4CF29}.Debug|Any CPU.ActiveCfg = Release|Any CPU
		{5BEB5E56-F8C9-4C78-82C0-3A3F4FB4CF29}.Debug|Any CPU.Build.0 = Release|Any CPU
		{5BEB5E56-F8C9-4C78-82C0-3A3F4FB4CF29}.Debug|ARM.ActiveCfg = Debug|Any CPU
		{5BEB5E56-F8C9-4C78-82C0-3A3F4FB4CF29}.Debug|ARM.Build.0 = Debug|Any CPU
		{5BEB5E56-F8C9-4C78-82C0-3A3F4FB4CF29}.Debug|ARM64.ActiveCfg = Debug|Any CPU
		{5BEB5E56-F8C9-4C78-82C0-3A3F4FB4CF29}.Debug|ARM64.Build.0 = Debug|Any CPU
		{5BEB5E56-F8C9-4C78-82C0-3A3F4FB4CF29}.Debug|x64.ActiveCfg = Debug|Any CPU
		{5BEB5E56-F8C9-4C78-82C0-3A3F4FB4CF29}.Debug|x64.Build.0 = Debug|Any CPU
		{5BEB5E56-F8C9-4C78-82C0-3A3F4FB4CF29}.Debug|x86.ActiveCfg = Debug|Any CPU
		{5BEB5E56-F8C9-4C78-82C0-3A3F4FB4CF29}.Debug|x86.Build.0 = Debug|Any CPU
		{5BEB5E56-F8C9-4C78-82C0-3A3F4FB4CF29}.Release|Any CPU.ActiveCfg = Release|Any CPU
		{5BEB5E56-F8C9-4C78-82C0-3A3F4FB4CF29}.Release|Any CPU.Build.0 = Release|Any CPU
		{5BEB5E56-F8C9-4C78-82C0-3A3F4FB4CF29}.Release|ARM.ActiveCfg = Release|Any CPU
		{5BEB5E56-F8C9-4C78-82C0-3A3F4FB4CF29}.Release|ARM.Build.0 = Release|Any CPU
		{5BEB5E56-F8C9-4C78-82C0-3A3F4FB4CF29}.Release|ARM64.ActiveCfg = Release|Any CPU
		{5BEB5E56-F8C9-4C78-82C0-3A3F4FB4CF29}.Release|ARM64.Build.0 = Release|Any CPU
		{5BEB5E56-F8C9-4C78-82C0-3A3F4FB4CF29}.Release|x64.ActiveCfg = Release|Any CPU
		{5BEB5E56-F8C9-4C78-82C0-3A3F4FB4CF29}.Release|x64.Build.0 = Release|Any CPU
		{5BEB5E56-F8C9-4C78-82C0-3A3F4FB4CF29}.Release|x86.ActiveCfg = Release|Any CPU
		{5BEB5E56-F8C9-4C78-82C0-3A3F4FB4CF29}.Release|x86.Build.0 = Release|Any CPU
		{388877AD-3720-429C-A8CB-A0ABC5F9F6A5}.Debug|Any CPU.ActiveCfg = Release|Any CPU
		{388877AD-3720-429C-A8CB-A0ABC5F9F6A5}.Debug|Any CPU.Build.0 = Release|Any CPU
		{388877AD-3720-429C-A8CB-A0ABC5F9F6A5}.Debug|ARM.ActiveCfg = Debug|Any CPU
		{388877AD-3720-429C-A8CB-A0ABC5F9F6A5}.Debug|ARM.Build.0 = Debug|Any CPU
		{388877AD-3720-429C-A8CB-A0ABC5F9F6A5}.Debug|ARM64.ActiveCfg = Debug|Any CPU
		{388877AD-3720-429C-A8CB-A0ABC5F9F6A5}.Debug|ARM64.Build.0 = Debug|Any CPU
		{388877AD-3720-429C-A8CB-A0ABC5F9F6A5}.Debug|x64.ActiveCfg = Debug|Any CPU
		{388877AD-3720-429C-A8CB-A0ABC5F9F6A5}.Debug|x64.Build.0 = Debug|Any CPU
		{388877AD-3720-429C-A8CB-A0ABC5F9F6A5}.Debug|x86.ActiveCfg = Debug|Any CPU
		{388877AD-3720-429C-A8CB-A0ABC5F9F6A5}.Debug|x86.Build.0 = Debug|Any CPU
		{388877AD-3720-429C-A8CB-A0ABC5F9F6A5}.Release|Any CPU.ActiveCfg = Release|Any CPU
		{388877AD-3720-429C-A8CB-A0ABC5F9F6A5}.Release|Any CPU.Build.0 = Release|Any CPU
		{388877AD-3720-429C-A8CB-A0ABC5F9F6A5}.Release|ARM.ActiveCfg = Release|Any CPU
		{388877AD-3720-429C-A8CB-A0ABC5F9F6A5}.Release|ARM.Build.0 = Release|Any CPU
		{388877AD-3720-429C-A8CB-A0ABC5F9F6A5}.Release|ARM64.ActiveCfg = Release|Any CPU
		{388877AD-3720-429C-A8CB-A0ABC5F9F6A5}.Release|ARM64.Build.0 = Release|Any CPU
		{388877AD-3720-429C-A8CB-A0ABC5F9F6A5}.Release|x64.ActiveCfg = Release|Any CPU
		{388877AD-3720-429C-A8CB-A0ABC5F9F6A5}.Release|x64.Build.0 = Release|Any CPU
		{388877AD-3720-429C-A8CB-A0ABC5F9F6A5}.Release|x86.ActiveCfg = Release|Any CPU
		{388877AD-3720-429C-A8CB-A0ABC5F9F6A5}.Release|x86.Build.0 = Release|Any CPU
		{EC390416-A425-4FDB-B9BD-AF370C7FE361}.Debug|Any CPU.ActiveCfg = Release|Any CPU
		{EC390416-A425-4FDB-B9BD-AF370C7FE361}.Debug|Any CPU.Build.0 = Release|Any CPU
		{EC390416-A425-4FDB-B9BD-AF370C7FE361}.Debug|ARM.ActiveCfg = Debug|Any CPU
		{EC390416-A425-4FDB-B9BD-AF370C7FE361}.Debug|ARM.Build.0 = Debug|Any CPU
		{EC390416-A425-4FDB-B9BD-AF370C7FE361}.Debug|ARM64.ActiveCfg = Debug|Any CPU
		{EC390416-A425-4FDB-B9BD-AF370C7FE361}.Debug|ARM64.Build.0 = Debug|Any CPU
		{EC390416-A425-4FDB-B9BD-AF370C7FE361}.Debug|x64.ActiveCfg = Debug|Any CPU
		{EC390416-A425-4FDB-B9BD-AF370C7FE361}.Debug|x64.Build.0 = Debug|Any CPU
		{EC390416-A425-4FDB-B9BD-AF370C7FE361}.Debug|x86.ActiveCfg = Debug|Any CPU
		{EC390416-A425-4FDB-B9BD-AF370C7FE361}.Debug|x86.Build.0 = Debug|Any CPU
		{EC390416-A425-4FDB-B9BD-AF370C7FE361}.Release|Any CPU.ActiveCfg = Release|Any CPU
		{EC390416-A425-4FDB-B9BD-AF370C7FE361}.Release|Any CPU.Build.0 = Release|Any CPU
		{EC390416-A425-4FDB-B9BD-AF370C7FE361}.Release|ARM.ActiveCfg = Release|Any CPU
		{EC390416-A425-4FDB-B9BD-AF370C7FE361}.Release|ARM.Build.0 = Release|Any CPU
		{EC390416-A425-4FDB-B9BD-AF370C7FE361}.Release|ARM64.ActiveCfg = Release|Any CPU
		{EC390416-A425-4FDB-B9BD-AF370C7FE361}.Release|ARM64.Build.0 = Release|Any CPU
		{EC390416-A425-4FDB-B9BD-AF370C7FE361}.Release|x64.ActiveCfg = Release|Any CPU
		{EC390416-A425-4FDB-B9BD-AF370C7FE361}.Release|x64.Build.0 = Release|Any CPU
		{EC390416-A425-4FDB-B9BD-AF370C7FE361}.Release|x86.ActiveCfg = Release|Any CPU
		{EC390416-A425-4FDB-B9BD-AF370C7FE361}.Release|x86.Build.0 = Release|Any CPU
		{A7C69F4C-213E-49B5-AD0C-32FC93B4DE98}.Debug|Any CPU.ActiveCfg = Release|Any CPU
		{A7C69F4C-213E-49B5-AD0C-32FC93B4DE98}.Debug|Any CPU.Build.0 = Release|Any CPU
		{A7C69F4C-213E-49B5-AD0C-32FC93B4DE98}.Debug|ARM.ActiveCfg = Debug|Any CPU
		{A7C69F4C-213E-49B5-AD0C-32FC93B4DE98}.Debug|ARM.Build.0 = Debug|Any CPU
		{A7C69F4C-213E-49B5-AD0C-32FC93B4DE98}.Debug|ARM64.ActiveCfg = Debug|Any CPU
		{A7C69F4C-213E-49B5-AD0C-32FC93B4DE98}.Debug|ARM64.Build.0 = Debug|Any CPU
		{A7C69F4C-213E-49B5-AD0C-32FC93B4DE98}.Debug|x64.ActiveCfg = Debug|Any CPU
		{A7C69F4C-213E-49B5-AD0C-32FC93B4DE98}.Debug|x64.Build.0 = Debug|Any CPU
		{A7C69F4C-213E-49B5-AD0C-32FC93B4DE98}.Debug|x86.ActiveCfg = Debug|Any CPU
		{A7C69F4C-213E-49B5-AD0C-32FC93B4DE98}.Debug|x86.Build.0 = Debug|Any CPU
		{A7C69F4C-213E-49B5-AD0C-32FC93B4DE98}.Release|Any CPU.ActiveCfg = Release|Any CPU
		{A7C69F4C-213E-49B5-AD0C-32FC93B4DE98}.Release|Any CPU.Build.0 = Release|Any CPU
		{A7C69F4C-213E-49B5-AD0C-32FC93B4DE98}.Release|ARM.ActiveCfg = Release|Any CPU
		{A7C69F4C-213E-49B5-AD0C-32FC93B4DE98}.Release|ARM.Build.0 = Release|Any CPU
		{A7C69F4C-213E-49B5-AD0C-32FC93B4DE98}.Release|ARM64.ActiveCfg = Release|Any CPU
		{A7C69F4C-213E-49B5-AD0C-32FC93B4DE98}.Release|ARM64.Build.0 = Release|Any CPU
		{A7C69F4C-213E-49B5-AD0C-32FC93B4DE98}.Release|x64.ActiveCfg = Release|Any CPU
		{A7C69F4C-213E-49B5-AD0C-32FC93B4DE98}.Release|x64.Build.0 = Release|Any CPU
		{A7C69F4C-213E-49B5-AD0C-32FC93B4DE98}.Release|x86.ActiveCfg = Release|Any CPU
		{A7C69F4C-213E-49B5-AD0C-32FC93B4DE98}.Release|x86.Build.0 = Release|Any CPU
		{820AEFF6-D337-4B99-BE60-F6085242EC01}.Debug|Any CPU.ActiveCfg = Release
		{820AEFF6-D337-4B99-BE60-F6085242EC01}.Debug|Any CPU.Build.0 = Release
		{820AEFF6-D337-4B99-BE60-F6085242EC01}.Debug|ARM.ActiveCfg = Debug
		{820AEFF6-D337-4B99-BE60-F6085242EC01}.Debug|ARM64.ActiveCfg = Debug
		{820AEFF6-D337-4B99-BE60-F6085242EC01}.Debug|x64.ActiveCfg = Debug
		{820AEFF6-D337-4B99-BE60-F6085242EC01}.Debug|x86.ActiveCfg = Debug
		{820AEFF6-D337-4B99-BE60-F6085242EC01}.Release|Any CPU.ActiveCfg = Release
		{820AEFF6-D337-4B99-BE60-F6085242EC01}.Release|ARM.ActiveCfg = Release
		{820AEFF6-D337-4B99-BE60-F6085242EC01}.Release|ARM64.ActiveCfg = Release
		{820AEFF6-D337-4B99-BE60-F6085242EC01}.Release|x64.ActiveCfg = Release
		{820AEFF6-D337-4B99-BE60-F6085242EC01}.Release|x86.ActiveCfg = Release
	EndGlobalSection
	GlobalSection(SolutionProperties) = preSolution
		HideSolutionNode = FALSE
	EndGlobalSection
	GlobalSection(NestedProjects) = preSolution
		{81569634-B48F-4F9A-B059-4ED3F7C6751D} = {42385830-5B91-495C-8227-0AC75A7FEC2F}
		{3133CCCE-CE5F-4375-8DC6-4BDD72266798} = {9DBE5EB1-1D6B-4D22-81EC-D0CD898C4D6E}
		{5BEB5E56-F8C9-4C78-82C0-3A3F4FB4CF29} = {9DBE5EB1-1D6B-4D22-81EC-D0CD898C4D6E}
		{388877AD-3720-429C-A8CB-A0ABC5F9F6A5} = {3E4E1EA9-65E0-4C08-B33E-12A807E81642}
		{EC390416-A425-4FDB-B9BD-AF370C7FE361} = {F8F09CDF-06F2-413D-A7B2-FE7DF61C558F}
		{A7C69F4C-213E-49B5-AD0C-32FC93B4DE98} = {9DBE5EB1-1D6B-4D22-81EC-D0CD898C4D6E}
	EndGlobalSection
	GlobalSection(ExtensibilityGlobals) = postSolution
		SolutionGuid = {51AD37D9-E434-4CF0-8816-BFD7673B1BD0}
	EndGlobalSection
EndGlobal
